
Microsoft Visual Studio Solution File, Format Version 12.00
# Visual Studio Version 17
VisualStudioVersion = 17.8.34330.188
MinimumVisualStudioVersion = 10.0.40219.1
Project("{9A19103F-16F7-4668-BE54-9A1E7A4F7556}") = "Graduation_Project_Dashboard", "Graduation_Project Dashboard\Graduation_Project_Dashboard.csproj", "{17022532-EC01-4B54-9E93-C6E613F80CB4}"
	ProjectSection(ProjectDependencies) = postProject
		{6807B962-E2B2-4742-931E-15B7B25D9574} = {6807B962-E2B2-4742-931E-15B7B25D9574}
	EndProjectSection
EndProject
Project("{FAE04EC0-301F-11D3-BF4B-00C04F79EFBC}") = "Graduation_Project.Shared", "Graduation_Project.Shared\Graduation_Project.Shared.csproj", "{6807B962-E2B2-4742-931E-15B7B25D9574}"
EndProject
Global
	GlobalSection(SolutionConfigurationPlatforms) = preSolution
		Debug|Any CPU = Debug|Any CPU
		Release|Any CPU = Release|Any CPU
	EndGlobalSection
	GlobalSection(ProjectConfigurationPlatforms) = postSolution
		{17022532-EC01-4B54-9E93-C6E613F80CB4}.Debug|Any CPU.ActiveCfg = Debug|Any CPU
		{17022532-EC01-4B54-9E93-C6E613F80CB4}.Debug|Any CPU.Build.0 = Debug|Any CPU
		{17022532-EC01-4B54-9E93-C6E613F80CB4}.Release|Any CPU.ActiveCfg = Release|Any CPU
		{17022532-EC01-4B54-9E93-C6E613F80CB4}.Release|Any CPU.Build.0 = Release|Any CPU
		{6807B962-E2B2-4742-931E-15B7B25D9574}.Debug|Any CPU.ActiveCfg = Debug|Any CPU
		{6807B962-E2B2-4742-931E-15B7B25D9574}.Debug|Any CPU.Build.0 = Debug|Any CPU
		{6807B962-E2B2-4742-931E-15B7B25D9574}.Release|Any CPU.ActiveCfg = Release|Any CPU
		{6807B962-E2B2-4742-931E-15B7B25D9574}.Release|Any CPU.Build.0 = Release|Any CPU
	EndGlobalSection
	GlobalSection(SolutionProperties) = preSolution
		HideSolutionNode = FALSE
	EndGlobalSection
	GlobalSection(ExtensibilityGlobals) = postSolution
		SolutionGuid = {37F9FCA4-F01F-48F3-97E3-59562B68F055}
	EndGlobalSection
EndGlobal
